
Microsoft Visual Studio Solution File, Format Version 12.00
# Visual Studio Version 16
VisualStudioVersion = 16.0.30523.141
MinimumVisualStudioVersion = 10.0.40219.1
Project("{FAE04EC0-301F-11D3-BF4B-00C04F79EFBC}") = "PizzaPlace.Server", "PizzaPlace\Server\PizzaPlace.Server.csproj", "{D974287D-FBBD-4957-90D7-D4DBC8DEAC6F}"
EndProject
Project("{FAE04EC0-301F-11D3-BF4B-00C04F79EFBC}") = "PizzaPlace.Client", "PizzaPlace\Client\PizzaPlace.Client.csproj", "{5D9A5C23-7784-4347-BD87-988203F22981}"
EndProject
Project("{FAE04EC0-301F-11D3-BF4B-00C04F79EFBC}") = "PizzaPlace.Shared", "PizzaPlace\Shared\PizzaPlace.Shared.csproj", "{FE75AEB5-381A-4E79-890C-65FF2B52EE36}"
EndProject
Global
	GlobalSection(SolutionConfigurationPlatforms) = preSolution
		Debug|Any CPU = Debug|Any CPU
		Release|Any CPU = Release|Any CPU
	EndGlobalSection
	GlobalSection(ProjectConfigurationPlatforms) = postSolution
		{D974287D-FBBD-4957-90D7-D4DBC8DEAC6F}.Debug|Any CPU.ActiveCfg = Debug|Any CPU
		{D974287D-FBBD-4957-90D7-D4DBC8DEAC6F}.Debug|Any CPU.Build.0 = Debug|Any CPU
		{D974287D-FBBD-4957-90D7-D4DBC8DEAC6F}.Release|Any CPU.ActiveCfg = Release|Any CPU
		{D974287D-FBBD-4957-90D7-D4DBC8DEAC6F}.Release|Any CPU.Build.0 = Release|Any CPU
		{5D9A5C23-7784-4347-BD87-988203F22981}.Debug|Any CPU.ActiveCfg = Debug|Any CPU
		{5D9A5C23-7784-4347-BD87-988203F22981}.Debug|Any CPU.Build.0 = Debug|Any CPU
		{5D9A5C23-7784-4347-BD87-988203F22981}.Release|Any CPU.ActiveCfg = Release|Any CPU
		{5D9A5C23-7784-4347-BD87-988203F22981}.Release|Any CPU.Build.0 = Release|Any CPU
		{FE75AEB5-381A-4E79-890C-65FF2B52EE36}.Debug|Any CPU.ActiveCfg = Debug|Any CPU
		{FE75AEB5-381A-4E79-890C-65FF2B52EE36}.Debug|Any CPU.Build.0 = Debug|Any CPU
		{FE75AEB5-381A-4E79-890C-65FF2B52EE36}.Release|Any CPU.ActiveCfg = Release|Any CPU
		{FE75AEB5-381A-4E79-890C-65FF2B52EE36}.Release|Any CPU.Build.0 = Release|Any CPU
	EndGlobalSection
	GlobalSection(SolutionProperties) = preSolution
		HideSolutionNode = FALSE
	EndGlobalSection
	GlobalSection(ExtensibilityGlobals) = postSolution
		SolutionGuid = {CC51865D-10BB-4809-AF18-9223EA9A36FE}
	EndGlobalSection
EndGlobal
